# This file is automatically @generated by Poetry 1.7.1 and should not be changed by hand.

[[package]]
name = "dnspython"
version = "2.6.1"
description = "DNS toolkit"
optional = false
python-versions = ">=3.8"
files = [
    {file = "dnspython-2.6.1-py3-none-any.whl", hash = "sha256:5ef3b9680161f6fa89daf8ad451b5f1a33b18ae8a1c6778cdf4b43f08c0a6e50"},
    {file = "dnspython-2.6.1.tar.gz", hash = "sha256:e8f0f9c23a7b7cb99ded64e6c3a6f3e701d78f50c55e002b839dea7225cff7cc"},
]

[package.extras]
dev = ["black (>=23.1.0)", "coverage (>=7.0)", "flake8 (>=7)", "mypy (>=1.8)", "pylint (>=3)", "pytest (>=7.4)", "pytest-cov (>=4.1.0)", "sphinx (>=7.2.0)", "twine (>=4.0.0)", "wheel (>=0.42.0)"]
dnssec = ["cryptography (>=41)"]
doh = ["h2 (>=4.1.0)", "httpcore (>=1.0.0)", "httpx (>=0.26.0)"]
doq = ["aioquic (>=0.9.25)"]
idna = ["idna (>=3.6)"]
trio = ["trio (>=0.23)"]
wmi = ["wmi (>=1.5.1)"]

[[package]]
name = "faker"
version = "23.2.1"
description = "Faker is a Python package that generates fake data for you."
optional = false
python-versions = ">=3.8"
files = [
    {file = "Faker-23.2.1-py3-none-any.whl", hash = "sha256:0520a6b97e07c658b2798d7140971c1d5bc4bcd5013e7937fe075fd054aa320c"},
    {file = "Faker-23.2.1.tar.gz", hash = "sha256:f07b64d27f67b62c7f0536a72f47813015b3b51cd4664918454011094321e464"},
]

[package.dependencies]
python-dateutil = ">=2.4"

[[package]]
name = "mongoengine"
version = "0.27.0"
description = "MongoEngine is a Python Object-Document Mapper for working with MongoDB."
optional = false
python-versions = ">=3.7"
files = [
    {file = "mongoengine-0.27.0-py3-none-any.whl", hash = "sha256:c3523b8f886052f3deb200b3218bcc13e4b781661e3bea38587cc936c80ea358"},
    {file = "mongoengine-0.27.0.tar.gz", hash = "sha256:8f38df7834dc4b192d89f2668dcf3091748d12f74d55648ce77b919167a4a49b"},
]

[package.dependencies]
pymongo = ">=3.4,<5.0"

[[package]]
name = "pika"
version = "1.3.2"
description = "Pika Python AMQP Client Library"
optional = false
python-versions = ">=3.7"
files = [
    {file = "pika-1.3.2-py3-none-any.whl", hash = "sha256:0779a7c1fafd805672796085560d290213a465e4f6f76a6fb19e378d8041a14f"},
    {file = "pika-1.3.2.tar.gz", hash = "sha256:b2a327ddddf8570b4965b3576ac77091b850262d34ce8c1d8cb4e4146aa4145f"},
]

[package.extras]
gevent = ["gevent"]
tornado = ["tornado"]
twisted = ["twisted"]

[[package]]
name = "pymongo"
version = "4.6.2"
description = "Python driver for MongoDB <http://www.mongodb.org>"
optional = false
python-versions = ">=3.7"
files = [
    {file = "pymongo-4.6.2-cp310-cp310-macosx_10_9_universal2.whl", hash = "sha256:7640d176ee5b0afec76a1bda3684995cb731b2af7fcfd7c7ef8dc271c5d689af"},
    {file = "pymongo-4.6.2-cp310-cp310-manylinux1_i686.whl", hash = "sha256:4e2129ec8f72806751b621470ac5d26aaa18fae4194796621508fa0e6068278a"},
    {file = "pymongo-4.6.2-cp310-cp310-manylinux2014_aarch64.whl", hash = "sha256:c43205e85cbcbdf03cff62ad8f50426dd9d20134a915cfb626d805bab89a1844"},
    {file = "pymongo-4.6.2-cp310-cp310-manylinux2014_i686.whl", hash = "sha256:91ddf95cedca12f115fbc5f442b841e81197d85aa3cc30b82aee3635a5208af2"},
    {file = "pymongo-4.6.2-cp310-cp310-manylinux2014_ppc64le.whl", hash = "sha256:0fbdbf2fba1b4f5f1522e9f11e21c306e095b59a83340a69e908f8ed9b450070"},
    {file = "pymongo-4.6.2-cp310-cp310-manylinux2014_s390x.whl", hash = "sha256:097791d5a8d44e2444e0c8c4d6e14570ac11e22bcb833808885a5db081c3dc2a"},
    {file = "pymongo-4.6.2-cp310-cp310-manylinux2014_x86_64.whl", hash = "sha256:e0b208ebec3b47ee78a5c836e2e885e8c1e10f8ffd101aaec3d63997a4bdcd04"},
    {file = "pymongo-4.6.2-cp310-cp310-manylinux_2_17_aarch64.manylinux2014_aarch64.whl", hash = "sha256:1849fd6f1917b4dc5dbf744b2f18e41e0538d08dd8e9ba9efa811c5149d665a3"},
    {file = "pymongo-4.6.2-cp310-cp310-manylinux_2_17_ppc64le.manylinux2014_ppc64le.whl", hash = "sha256:fa0bbbfbd1f8ebbd5facaa10f9f333b20027b240af012748555148943616fdf3"},
    {file = "pymongo-4.6.2-cp310-cp310-manylinux_2_17_s390x.manylinux2014_s390x.whl", hash = "sha256:4522ad69a4ab0e1b46a8367d62ad3865b8cd54cf77518c157631dac1fdc97584"},
    {file = "pymongo-4.6.2-cp310-cp310-manylinux_2_17_x86_64.manylinux2014_x86_64.whl", hash = "sha256:397949a9cc85e4a1452f80b7f7f2175d557237177120954eff00bf79553e89d3"},
    {file = "pymongo-4.6.2-cp310-cp310-manylinux_2_5_i686.manylinux1_i686.manylinux_2_17_i686.manylinux2014_i686.whl", hash = "sha256:9d511db310f43222bc58d811037b176b4b88dc2b4617478c5ef01fea404f8601"},
    {file = "pymongo-4.6.2-cp310-cp310-win32.whl", hash = "sha256:991e406db5da4d89fb220a94d8caaf974ffe14ce6b095957bae9273c609784a0"},
    {file = "pymongo-4.6.2-cp310-cp310-win_amd64.whl", hash = "sha256:94637941fe343000f728e28d3fe04f1f52aec6376b67b85583026ff8dab2a0e0"},
    {file = "pymongo-4.6.2-cp311-cp311-macosx_10_9_universal2.whl", hash = "sha256:84593447a5c5fe7a59ba86b72c2c89d813fbac71c07757acdf162fbfd5d005b9"},
    {file = "pymongo-4.6.2-cp311-cp311-manylinux_2_17_aarch64.manylinux2014_aarch64.whl", hash = "sha256:9aebddb2ec2128d5fc2fe3aee6319afef8697e0374f8a1fcca3449d6f625e7b4"},
    {file = "pymongo-4.6.2-cp311-cp311-manylinux_2_17_ppc64le.manylinux2014_ppc64le.whl", hash = "sha256:1f706c1a644ed33eaea91df0a8fb687ce572b53eeb4ff9b89270cb0247e5d0e1"},
    {file = "pymongo-4.6.2-cp311-cp311-manylinux_2_17_s390x.manylinux2014_s390x.whl", hash = "sha256:18c422e6b08fa370ed9d8670c67e78d01f50d6517cec4522aa8627014dfa38b6"},
    {file = "pymongo-4.6.2-cp311-cp311-manylinux_2_17_x86_64.manylinux2014_x86_64.whl", hash = "sha256:0d002ae456a15b1d790a78bb84f87af21af1cb716a63efb2c446ab6bcbbc48ca"},
    {file = "pymongo-4.6.2-cp311-cp311-manylinux_2_5_i686.manylinux1_i686.manylinux_2_17_i686.manylinux2014_i686.whl", hash = "sha256:9f86ba0c781b497a3c9c886765d7b6402a0e3ae079dd517365044c89cd7abb06"},
    {file = "pymongo-4.6.2-cp311-cp311-win32.whl", hash = "sha256:ac20dd0c7b42555837c86f5ea46505f35af20a08b9cf5770cd1834288d8bd1b4"},
    {file = "pymongo-4.6.2-cp311-cp311-win_amd64.whl", hash = "sha256:e78af59fd0eb262c2a5f7c7d7e3b95e8596a75480d31087ca5f02f2d4c6acd19"},
    {file = "pymongo-4.6.2-cp312-cp312-macosx_10_9_universal2.whl", hash = "sha256:6125f73503407792c8b3f80165f8ab88a4e448d7d9234c762681a4d0b446fcb4"},
    {file = "pymongo-4.6.2-cp312-cp312-manylinux_2_17_aarch64.manylinux2014_aarch64.whl", hash = "sha256:ba052446a14bd714ec83ca4e77d0d97904f33cd046d7bb60712a6be25eb31dbb"},
    {file = "pymongo-4.6.2-cp312-cp312-manylinux_2_17_ppc64le.manylinux2014_ppc64le.whl", hash = "sha256:2b65433c90e07dc252b4a55dfd885ca0df94b1cf77c5b8709953ec1983aadc03"},
    {file = "pymongo-4.6.2-cp312-cp312-manylinux_2_17_s390x.manylinux2014_s390x.whl", hash = "sha256:2160d9c8cd20ce1f76a893f0daf7c0d38af093f36f1b5c9f3dcf3e08f7142814"},
    {file = "pymongo-4.6.2-cp312-cp312-manylinux_2_17_x86_64.manylinux2014_x86_64.whl", hash = "sha256:1f251f287e6d42daa3654b686ce1fcb6d74bf13b3907c3ae25954978c70f2cd4"},
    {file = "pymongo-4.6.2-cp312-cp312-manylinux_2_5_i686.manylinux1_i686.manylinux_2_17_i686.manylinux2014_i686.whl", hash = "sha256:d7d227a60b00925dd3aeae4675575af89c661a8e89a1f7d1677e57eba4a3693c"},
    {file = "pymongo-4.6.2-cp312-cp312-win32.whl", hash = "sha256:311794ef3ccae374aaef95792c36b0e5c06e8d5cf04a1bdb1b2bf14619ac881f"},
    {file = "pymongo-4.6.2-cp312-cp312-win_amd64.whl", hash = "sha256:f673b64a0884edcc56073bda0b363428dc1bf4eb1b5e7d0b689f7ec6173edad6"},
    {file = "pymongo-4.6.2-cp37-cp37m-macosx_10_6_intel.whl", hash = "sha256:fe010154dfa9e428bd2fb3e9325eff2216ab20a69ccbd6b5cac6785ca2989161"},
    {file = "pymongo-4.6.2-cp37-cp37m-manylinux1_i686.whl", hash = "sha256:1f5f4cd2969197e25b67e24d5b8aa2452d381861d2791d06c493eaa0b9c9fcfe"},
    {file = "pymongo-4.6.2-cp37-cp37m-manylinux1_x86_64.whl", hash = "sha256:c9519c9d341983f3a1bd19628fecb1d72a48d8666cf344549879f2e63f54463b"},
    {file = "pymongo-4.6.2-cp37-cp37m-manylinux2014_aarch64.whl", hash = "sha256:c68bf4a399e37798f1b5aa4f6c02886188ef465f4ac0b305a607b7579413e366"},
    {file = "pymongo-4.6.2-cp37-cp37m-manylinux2014_i686.whl", hash = "sha256:a509db602462eb736666989739215b4b7d8f4bb8ac31d0bffd4be9eae96c63ef"},
    {file = "pymongo-4.6.2-cp37-cp37m-manylinux2014_ppc64le.whl", hash = "sha256:362a5adf6f3f938a8ff220a4c4aaa93e84ef932a409abecd837c617d17a5990f"},
    {file = "pymongo-4.6.2-cp37-cp37m-manylinux2014_s390x.whl", hash = "sha256:ee30a9d4c27a88042d0636aca0275788af09cc237ae365cd6ebb34524bddb9cc"},
    {file = "pymongo-4.6.2-cp37-cp37m-manylinux2014_x86_64.whl", hash = "sha256:477914e13501bb1d4608339ee5bb618be056d2d0e7267727623516cfa902e652"},
    {file = "pymongo-4.6.2-cp37-cp37m-manylinux_2_17_aarch64.manylinux2014_aarch64.whl", hash = "sha256:ebd343ca44982d480f1e39372c48e8e263fc6f32e9af2be456298f146a3db715"},
    {file = "pymongo-4.6.2-cp37-cp37m-manylinux_2_17_ppc64le.manylinux2014_ppc64le.whl", hash = "sha256:c3797e0a628534e07a36544d2bfa69e251a578c6d013e975e9e3ed2ac41f2d95"},
    {file = "pymongo-4.6.2-cp37-cp37m-manylinux_2_17_s390x.manylinux2014_s390x.whl", hash = "sha256:97d81d357e1a2a248b3494d52ebc8bf15d223ee89d59ee63becc434e07438a24"},
    {file = "pymongo-4.6.2-cp37-cp37m-manylinux_2_17_x86_64.manylinux2014_x86_64.whl", hash = "sha256:ed694c0d1977cb54281cb808bc2b247c17fb64b678a6352d3b77eb678ebe1bd9"},
    {file = "pymongo-4.6.2-cp37-cp37m-manylinux_2_5_i686.manylinux1_i686.manylinux_2_17_i686.manylinux2014_i686.whl", hash = "sha256:6ceaaff4b812ae368cf9774989dea81b9bbb71e5bed666feca6a9f3087c03e49"},
    {file = "pymongo-4.6.2-cp37-cp37m-manylinux_2_5_i686.manylinux1_i686.whl", hash = "sha256:7dd63f7c2b3727541f7f37d0fb78d9942eb12a866180fbeb898714420aad74e2"},
    {file = "pymongo-4.6.2-cp37-cp37m-manylinux_2_5_x86_64.manylinux1_x86_64.whl", hash = "sha256:e571434633f99a81e081738721bb38e697345281ed2f79c2f290f809ba3fbb2f"},
    {file = "pymongo-4.6.2-cp37-cp37m-win32.whl", hash = "sha256:3e9f6e2f3da0a6af854a3e959a6962b5f8b43bbb8113cd0bff0421c5059b3106"},
    {file = "pymongo-4.6.2-cp37-cp37m-win_amd64.whl", hash = "sha256:3a5280f496297537301e78bde250c96fadf4945e7b2c397d8bb8921861dd236d"},
    {file = "pymongo-4.6.2-cp38-cp38-macosx_11_0_universal2.whl", hash = "sha256:5f6bcd2d012d82d25191a911a239fd05a8a72e8c5a7d81d056c0f3520cad14d1"},
    {file = "pymongo-4.6.2-cp38-cp38-manylinux1_i686.whl", hash = "sha256:4fa30494601a6271a8b416554bd7cde7b2a848230f0ec03e3f08d84565b4bf8c"},
    {file = "pymongo-4.6.2-cp38-cp38-manylinux1_x86_64.whl", hash = "sha256:bea62f03a50f363265a7a651b4e2a4429b4f138c1864b2d83d4bf6f9851994be"},
    {file = "pymongo-4.6.2-cp38-cp38-manylinux2014_aarch64.whl", hash = "sha256:b2d445f1cf147331947cc35ec10342f898329f29dd1947a3f8aeaf7e0e6878d1"},
    {file = "pymongo-4.6.2-cp38-cp38-manylinux2014_i686.whl", hash = "sha256:5db133d6ec7a4f7fc7e2bd098e4df23d7ad949f7be47b27b515c9fb9301c61e4"},
    {file = "pymongo-4.6.2-cp38-cp38-manylinux2014_ppc64le.whl", hash = "sha256:9eec7140cf7513aa770ea51505d312000c7416626a828de24318fdcc9ac3214c"},
    {file = "pymongo-4.6.2-cp38-cp38-manylinux2014_s390x.whl", hash = "sha256:5379ca6fd325387a34cda440aec2bd031b5ef0b0aa2e23b4981945cff1dab84c"},
    {file = "pymongo-4.6.2-cp38-cp38-manylinux2014_x86_64.whl", hash = "sha256:579508536113dbd4c56e4738955a18847e8a6c41bf3c0b4ab18b51d81a6b7be8"},
    {file = "pymongo-4.6.2-cp38-cp38-manylinux_2_17_aarch64.manylinux2014_aarch64.whl", hash = "sha256:f3bae553ca39ed52db099d76acd5e8566096064dc7614c34c9359bb239ec4081"},
    {file = "pymongo-4.6.2-cp38-cp38-manylinux_2_17_ppc64le.manylinux2014_ppc64le.whl", hash = "sha256:d0257e0eebb50f242ca28a92ef195889a6ad03dcdde5bf1c7ab9f38b7e810801"},
    {file = "pymongo-4.6.2-cp38-cp38-manylinux_2_17_s390x.manylinux2014_s390x.whl", hash = "sha256:fbafe3a1df21eeadb003c38fc02c1abf567648b6477ec50c4a3c042dca205371"},
    {file = "pymongo-4.6.2-cp38-cp38-manylinux_2_17_x86_64.manylinux2014_x86_64.whl", hash = "sha256:aaecfafb407feb6f562c7f2f5b91f22bfacba6dd739116b1912788cff7124c4a"},
    {file = "pymongo-4.6.2-cp38-cp38-manylinux_2_5_i686.manylinux1_i686.manylinux_2_17_i686.manylinux2014_i686.whl", hash = "sha256:e942945e9112075a84d2e2d6e0d0c98833cdcdfe48eb8952b917f996025c7ffa"},
    {file = "pymongo-4.6.2-cp38-cp38-manylinux_2_5_i686.manylinux1_i686.whl", hash = "sha256:2f7b98f8d2cf3eeebde738d080ae9b4276d7250912d9751046a9ac1efc9b1ce2"},
    {file = "pymongo-4.6.2-cp38-cp38-manylinux_2_5_x86_64.manylinux1_x86_64.whl", hash = "sha256:8110b78fc4b37dced85081d56795ecbee6a7937966e918e05e33a3900e8ea07d"},
    {file = "pymongo-4.6.2-cp38-cp38-win32.whl", hash = "sha256:df813f0c2c02281720ccce225edf39dc37855bf72cdfde6f789a1d1cf32ffb4b"},
    {file = "pymongo-4.6.2-cp38-cp38-win_amd64.whl", hash = "sha256:64ec3e2dcab9af61bdbfcb1dd863c70d1b0c220b8e8ac11df8b57f80ee0402b3"},
    {file = "pymongo-4.6.2-cp39-cp39-macosx_10_9_universal2.whl", hash = "sha256:bff601fbfcecd2166d9a2b70777c2985cb9689e2befb3278d91f7f93a0456cae"},
    {file = "pymongo-4.6.2-cp39-cp39-manylinux1_i686.whl", hash = "sha256:f1febca6f79e91feafc572906871805bd9c271b6a2d98a8bb5499b6ace0befed"},
    {file = "pymongo-4.6.2-cp39-cp39-manylinux1_x86_64.whl", hash = "sha256:d788cb5cc947d78934be26eef1623c78cec3729dc93a30c23f049b361aa6d835"},
    {file = "pymongo-4.6.2-cp39-cp39-manylinux2014_aarch64.whl", hash = "sha256:5c2f258489de12a65b81e1b803a531ee8cf633fa416ae84de65cd5f82d2ceb37"},
    {file = "pymongo-4.6.2-cp39-cp39-manylinux2014_i686.whl", hash = "sha256:fb24abcd50501b25d33a074c1790a1389b6460d2509e4b240d03fd2e5c79f463"},
    {file = "pymongo-4.6.2-cp39-cp39-manylinux2014_ppc64le.whl", hash = "sha256:4d982c6db1da7cf3018183891883660ad085de97f21490d314385373f775915b"},
    {file = "pymongo-4.6.2-cp39-cp39-manylinux2014_s390x.whl", hash = "sha256:b2dd8c874927a27995f64a3b44c890e8a944c98dec1ba79eab50e07f1e3f801b"},
    {file = "pymongo-4.6.2-cp39-cp39-manylinux2014_x86_64.whl", hash = "sha256:4993593de44c741d1e9f230f221fe623179f500765f9855936e4ff6f33571bad"},
    {file = "pymongo-4.6.2-cp39-cp39-manylinux_2_17_aarch64.manylinux2014_aarch64.whl", hash = "sha256:658f6c028edaeb02761ebcaca8d44d519c22594b2a51dcbc9bd2432aa93319e3"},
    {file = "pymongo-4.6.2-cp39-cp39-manylinux_2_17_ppc64le.manylinux2014_ppc64le.whl", hash = "sha256:68109c13176749fbbbbbdb94dd4a58dcc604db6ea43ee300b2602154aebdd55f"},
    {file = "pymongo-4.6.2-cp39-cp39-manylinux_2_17_s390x.manylinux2014_s390x.whl", hash = "sha256:707d28a822b918acf941cff590affaddb42a5d640614d71367c8956623a80cbc"},
    {file = "pymongo-4.6.2-cp39-cp39-manylinux_2_17_x86_64.manylinux2014_x86_64.whl", hash = "sha256:f251db26c239aec2a4d57fbe869e0a27b7f6b5384ec6bf54aeb4a6a5e7408234"},
    {file = "pymongo-4.6.2-cp39-cp39-manylinux_2_5_i686.manylinux1_i686.manylinux_2_17_i686.manylinux2014_i686.whl", hash = "sha256:57c05f2e310701fc17ae358caafd99b1830014e316f0242d13ab6c01db0ab1c2"},
    {file = "pymongo-4.6.2-cp39-cp39-manylinux_2_5_i686.manylinux1_i686.whl", hash = "sha256:2b575fbe6396bbf21e4d0e5fd2e3cdb656dc90c930b6c5532192e9a89814f72d"},
    {file = "pymongo-4.6.2-cp39-cp39-manylinux_2_5_x86_64.manylinux1_x86_64.whl", hash = "sha256:ca5877754f3fa6e4fe5aacf5c404575f04c2d9efc8d22ed39576ed9098d555c8"},
    {file = "pymongo-4.6.2-cp39-cp39-win32.whl", hash = "sha256:8caa73fb19070008e851a589b744aaa38edd1366e2487284c61158c77fdf72af"},
    {file = "pymongo-4.6.2-cp39-cp39-win_amd64.whl", hash = "sha256:3e03c732cb64b96849310e1d8688fb70d75e2571385485bf2f1e7ad1d309fa53"},
    {file = "pymongo-4.6.2.tar.gz", hash = "sha256:ab7d01ac832a1663dad592ccbd92bb0f0775bc8f98a1923c5e1a7d7fead495af"},
]

[package.dependencies]
dnspython = ">=1.16.0,<3.0.0"

[package.extras]
aws = ["pymongo-auth-aws (<2.0.0)"]
encryption = ["certifi", "pymongo[aws]", "pymongocrypt (>=1.6.0,<2.0.0)"]
gssapi = ["pykerberos", "winkerberos (>=0.5.0)"]
ocsp = ["certifi", "cryptography (>=2.5)", "pyopenssl (>=17.2.0)", "requests (<3.0.0)", "service-identity (>=18.1.0)"]
snappy = ["python-snappy"]
test = ["pytest (>=7)"]
zstd = ["zstandard"]

[[package]]
name = "python-dateutil"
version = "2.8.2"
description = "Extensions to the standard Python datetime module"
optional = false
python-versions = "!=3.0.*,!=3.1.*,!=3.2.*,>=2.7"
files = [
    {file = "python-dateutil-2.8.2.tar.gz", hash = "sha256:0123cacc1627ae19ddf3c27a5de5bd67ee4586fbdd6440d9748f8abb483d3e86"},
    {file = "python_dateutil-2.8.2-py2.py3-none-any.whl", hash = "sha256:961d03dc3453ebbc59dbdea9e4e11c5651520a876d0f4db161e8674aae935da9"},
]

[package.dependencies]
six = ">=1.5"

[[package]]
name = "redis"
version = "5.0.1"
description = "Python client for Redis database and key-value store"
optional = false
python-versions = ">=3.7"
files = [
    {file = "redis-5.0.1-py3-none-any.whl", hash = "sha256:ed4802971884ae19d640775ba3b03aa2e7bd5e8fb8dfaed2decce4d0fc48391f"},
    {file = "redis-5.0.1.tar.gz", hash = "sha256:0dab495cd5753069d3bc650a0dde8a8f9edde16fc5691b689a566eda58100d0f"},
]

[package.extras]
hiredis = ["hiredis (>=1.0.0)"]
ocsp = ["cryptography (>=36.0.1)", "pyopenssl (==20.0.1)", "requests (>=2.26.0)"]

[[package]]
name = "regex"
version = "2023.12.25"
description = "Alternative regular expression module, to replace re."
optional = false
python-versions = ">=3.7"
files = [
    {file = "regex-2023.12.25-cp310-cp310-macosx_10_9_universal2.whl", hash = "sha256:0694219a1d54336fd0445ea382d49d36882415c0134ee1e8332afd1529f0baa5"},
    {file = "regex-2023.12.25-cp310-cp310-macosx_10_9_x86_64.whl", hash = "sha256:b014333bd0217ad3d54c143de9d4b9a3ca1c5a29a6d0d554952ea071cff0f1f8"},
    {file = "regex-2023.12.25-cp310-cp310-macosx_11_0_arm64.whl", hash = "sha256:d865984b3f71f6d0af64d0d88f5733521698f6c16f445bb09ce746c92c97c586"},
    {file = "regex-2023.12.25-cp310-cp310-manylinux_2_17_aarch64.manylinux2014_aarch64.whl", hash = "sha256:1e0eabac536b4cc7f57a5f3d095bfa557860ab912f25965e08fe1545e2ed8b4c"},
    {file = "regex-2023.12.25-cp310-cp310-manylinux_2_17_ppc64le.manylinux2014_ppc64le.whl", hash = "sha256:c25a8ad70e716f96e13a637802813f65d8a6760ef48672aa3502f4c24ea8b400"},
    {file = "regex-2023.12.25-cp310-cp310-manylinux_2_17_s390x.manylinux2014_s390x.whl", hash = "sha256:a9b6d73353f777630626f403b0652055ebfe8ff142a44ec2cf18ae470395766e"},
    {file = "regex-2023.12.25-cp310-cp310-manylinux_2_17_x86_64.manylinux2014_x86_64.whl", hash = "sha256:a9cc99d6946d750eb75827cb53c4371b8b0fe89c733a94b1573c9dd16ea6c9e4"},
    {file = "regex-2023.12.25-cp310-cp310-manylinux_2_5_i686.manylinux1_i686.manylinux_2_17_i686.manylinux2014_i686.whl", hash = "sha256:88d1f7bef20c721359d8675f7d9f8e414ec5003d8f642fdfd8087777ff7f94b5"},
    {file = "regex-2023.12.25-cp310-cp310-manylinux_2_5_x86_64.manylinux1_x86_64.manylinux_2_12_x86_64.manylinux2010_x86_64.whl", hash = "sha256:cb3fe77aec8f1995611f966d0c656fdce398317f850d0e6e7aebdfe61f40e1cd"},
    {file = "regex-2023.12.25-cp310-cp310-musllinux_1_1_aarch64.whl", hash = "sha256:7aa47c2e9ea33a4a2a05f40fcd3ea36d73853a2aae7b4feab6fc85f8bf2c9704"},
    {file = "regex-2023.12.25-cp310-cp310-musllinux_1_1_i686.whl", hash = "sha256:df26481f0c7a3f8739fecb3e81bc9da3fcfae34d6c094563b9d4670b047312e1"},
    {file = "regex-2023.12.25-cp310-cp310-musllinux_1_1_ppc64le.whl", hash = "sha256:c40281f7d70baf6e0db0c2f7472b31609f5bc2748fe7275ea65a0b4601d9b392"},
    {file = "regex-2023.12.25-cp310-cp310-musllinux_1_1_s390x.whl", hash = "sha256:d94a1db462d5690ebf6ae86d11c5e420042b9898af5dcf278bd97d6bda065423"},
    {file = "regex-2023.12.25-cp310-cp310-musllinux_1_1_x86_64.whl", hash = "sha256:ba1b30765a55acf15dce3f364e4928b80858fa8f979ad41f862358939bdd1f2f"},
    {file = "regex-2023.12.25-cp310-cp310-win32.whl", hash = "sha256:150c39f5b964e4d7dba46a7962a088fbc91f06e606f023ce57bb347a3b2d4630"},
    {file = "regex-2023.12.25-cp310-cp310-win_amd64.whl", hash = "sha256:09da66917262d9481c719599116c7dc0c321ffcec4b1f510c4f8a066f8768105"},
    {file = "regex-2023.12.25-cp311-cp311-macosx_10_9_universal2.whl", hash = "sha256:1b9d811f72210fa9306aeb88385b8f8bcef0dfbf3873410413c00aa94c56c2b6"},
    {file = "regex-2023.12.25-cp311-cp311-macosx_10_9_x86_64.whl", hash = "sha256:d902a43085a308cef32c0d3aea962524b725403fd9373dea18110904003bac97"},
    {file = "regex-2023.12.25-cp311-cp311-macosx_11_0_arm64.whl", hash = "sha256:d166eafc19f4718df38887b2bbe1467a4f74a9830e8605089ea7a30dd4da8887"},
    {file = "regex-2023.12.25-cp311-cp311-manylinux_2_17_aarch64.manylinux2014_aarch64.whl", hash = "sha256:c7ad32824b7f02bb3c9f80306d405a1d9b7bb89362d68b3c5a9be53836caebdb"},
    {file = "regex-2023.12.25-cp311-cp311-manylinux_2_17_ppc64le.manylinux2014_ppc64le.whl", hash = "sha256:636ba0a77de609d6510235b7f0e77ec494d2657108f777e8765efc060094c98c"},
    {file = "regex-2023.12.25-cp311-cp311-manylinux_2_17_s390x.manylinux2014_s390x.whl", hash = "sha256:0fda75704357805eb953a3ee15a2b240694a9a514548cd49b3c5124b4e2ad01b"},
    {file = "regex-2023.12.25-cp311-cp311-manylinux_2_17_x86_64.manylinux2014_x86_64.whl", hash = "sha256:f72cbae7f6b01591f90814250e636065850c5926751af02bb48da94dfced7baa"},
    {file = "regex-2023.12.25-cp311-cp311-manylinux_2_5_i686.manylinux1_i686.manylinux_2_17_i686.manylinux2014_i686.whl", hash = "sha256:db2a0b1857f18b11e3b0e54ddfefc96af46b0896fb678c85f63fb8c37518b3e7"},
    {file = "regex-2023.12.25-cp311-cp311-musllinux_1_1_aarch64.whl", hash = "sha256:7502534e55c7c36c0978c91ba6f61703faf7ce733715ca48f499d3dbbd7657e0"},
    {file = "regex-2023.12.25-cp311-cp311-musllinux_1_1_i686.whl", hash = "sha256:e8c7e08bb566de4faaf11984af13f6bcf6a08f327b13631d41d62592681d24fe"},
    {file = "regex-2023.12.25-cp311-cp311-musllinux_1_1_ppc64le.whl", hash = "sha256:283fc8eed679758de38fe493b7d7d84a198b558942b03f017b1f94dda8efae80"},
    {file = "regex-2023.12.25-cp311-cp311-musllinux_1_1_s390x.whl", hash = "sha256:f44dd4d68697559d007462b0a3a1d9acd61d97072b71f6d1968daef26bc744bd"},
    {file = "regex-2023.12.25-cp311-cp311-musllinux_1_1_x86_64.whl", hash = "sha256:67d3ccfc590e5e7197750fcb3a2915b416a53e2de847a728cfa60141054123d4"},
    {file = "regex-2023.12.25-cp311-cp311-win32.whl", hash = "sha256:68191f80a9bad283432385961d9efe09d783bcd36ed35a60fb1ff3f1ec2efe87"},
    {file = "regex-2023.12.25-cp311-cp311-win_amd64.whl", hash = "sha256:7d2af3f6b8419661a0c421584cfe8aaec1c0e435ce7e47ee2a97e344b98f794f"},
    {file = "regex-2023.12.25-cp312-cp312-macosx_10_9_universal2.whl", hash = "sha256:8a0ccf52bb37d1a700375a6b395bff5dd15c50acb745f7db30415bae3c2b0715"},
    {file = "regex-2023.12.25-cp312-cp312-macosx_10_9_x86_64.whl", hash = "sha256:c3c4a78615b7762740531c27cf46e2f388d8d727d0c0c739e72048beb26c8a9d"},
    {file = "regex-2023.12.25-cp312-cp312-macosx_11_0_arm64.whl", hash = "sha256:ad83e7545b4ab69216cef4cc47e344d19622e28aabec61574b20257c65466d6a"},
    {file = "regex-2023.12.25-cp312-cp312-manylinux_2_17_aarch64.manylinux2014_aarch64.whl", hash = "sha256:b7a635871143661feccce3979e1727c4e094f2bdfd3ec4b90dfd4f16f571a87a"},
    {file = "regex-2023.12.25-cp312-cp312-manylinux_2_17_ppc64le.manylinux2014_ppc64le.whl", hash = "sha256:d498eea3f581fbe1b34b59c697512a8baef88212f92e4c7830fcc1499f5b45a5"},
    {file = "regex-2023.12.25-cp312-cp312-manylinux_2_17_s390x.manylinux2014_s390x.whl", hash = "sha256:43f7cd5754d02a56ae4ebb91b33461dc67be8e3e0153f593c509e21d219c5060"},
    {file = "regex-2023.12.25-cp312-cp312-manylinux_2_17_x86_64.manylinux2014_x86_64.whl", hash = "sha256:51f4b32f793812714fd5307222a7f77e739b9bc566dc94a18126aba3b92b98a3"},
    {file = "regex-2023.12.25-cp312-cp312-manylinux_2_5_i686.manylinux1_i686.manylinux_2_17_i686.manylinux2014_i686.whl", hash = "sha256:ba99d8077424501b9616b43a2d208095746fb1284fc5ba490139651f971d39d9"},
    {file = "regex-2023.12.25-cp312-cp312-musllinux_1_1_aarch64.whl", hash = "sha256:4bfc2b16e3ba8850e0e262467275dd4d62f0d045e0e9eda2bc65078c0110a11f"},
    {file = "regex-2023.12.25-cp312-cp312-musllinux_1_1_i686.whl", hash = "sha256:8c2c19dae8a3eb0ea45a8448356ed561be843b13cbc34b840922ddf565498c1c"},
    {file = "regex-2023.12.25-cp312-cp312-musllinux_1_1_ppc64le.whl", hash = "sha256:60080bb3d8617d96f0fb7e19796384cc2467447ef1c491694850ebd3670bc457"},
    {file = "regex-2023.12.25-cp312-cp312-musllinux_1_1_s390x.whl", hash = "sha256:b77e27b79448e34c2c51c09836033056a0547aa360c45eeeb67803da7b0eedaf"},
    {file = "regex-2023.12.25-cp312-cp312-musllinux_1_1_x86_64.whl", hash = "sha256:518440c991f514331f4850a63560321f833979d145d7d81186dbe2f19e27ae3d"},
    {file = "regex-2023.12.25-cp312-cp312-win32.whl", hash = "sha256:e2610e9406d3b0073636a3a2e80db05a02f0c3169b5632022b4e81c0364bcda5"},
    {file = "regex-2023.12.25-cp312-cp312-win_amd64.whl", hash = "sha256:cc37b9aeebab425f11f27e5e9e6cf580be7206c6582a64467a14dda211abc232"},
    {file = "regex-2023.12.25-cp37-cp37m-macosx_10_9_x86_64.whl", hash = "sha256:da695d75ac97cb1cd725adac136d25ca687da4536154cdc2815f576e4da11c69"},
    {file = "regex-2023.12.25-cp37-cp37m-manylinux_2_17_aarch64.manylinux2014_aarch64.whl", hash = "sha256:d126361607b33c4eb7b36debc173bf25d7805847346dd4d99b5499e1fef52bc7"},
    {file = "regex-2023.12.25-cp37-cp37m-manylinux_2_17_ppc64le.manylinux2014_ppc64le.whl", hash = "sha256:4719bb05094d7d8563a450cf8738d2e1061420f79cfcc1fa7f0a44744c4d8f73"},
    {file = "regex-2023.12.25-cp37-cp37m-manylinux_2_17_s390x.manylinux2014_s390x.whl", hash = "sha256:5dd58946bce44b53b06d94aa95560d0b243eb2fe64227cba50017a8d8b3cd3e2"},
    {file = "regex-2023.12.25-cp37-cp37m-manylinux_2_17_x86_64.manylinux2014_x86_64.whl", hash = "sha256:22a86d9fff2009302c440b9d799ef2fe322416d2d58fc124b926aa89365ec482"},
    {file = "regex-2023.12.25-cp37-cp37m-manylinux_2_5_i686.manylinux1_i686.manylinux_2_17_i686.manylinux2014_i686.whl", hash = "sha256:2aae8101919e8aa05ecfe6322b278f41ce2994c4a430303c4cd163fef746e04f"},
    {file = "regex-2023.12.25-cp37-cp37m-manylinux_2_5_x86_64.manylinux1_x86_64.manylinux_2_12_x86_64.manylinux2010_x86_64.whl", hash = "sha256:e692296c4cc2873967771345a876bcfc1c547e8dd695c6b89342488b0ea55cd8"},
    {file = "regex-2023.12.25-cp37-cp37m-musllinux_1_1_aarch64.whl", hash = "sha256:263ef5cc10979837f243950637fffb06e8daed7f1ac1e39d5910fd29929e489a"},
    {file = "regex-2023.12.25-cp37-cp37m-musllinux_1_1_i686.whl", hash = "sha256:d6f7e255e5fa94642a0724e35406e6cb7001c09d476ab5fce002f652b36d0c39"},
    {file = "regex-2023.12.25-cp37-cp37m-musllinux_1_1_ppc64le.whl", hash = "sha256:88ad44e220e22b63b0f8f81f007e8abbb92874d8ced66f32571ef8beb0643b2b"},
    {file = "regex-2023.12.25-cp37-cp37m-musllinux_1_1_s390x.whl", hash = "sha256:3a17d3ede18f9cedcbe23d2daa8a2cd6f59fe2bf082c567e43083bba3fb00347"},
    {file = "regex-2023.12.25-cp37-cp37m-musllinux_1_1_x86_64.whl", hash = "sha256:d15b274f9e15b1a0b7a45d2ac86d1f634d983ca40d6b886721626c47a400bf39"},
    {file = "regex-2023.12.25-cp37-cp37m-win32.whl", hash = "sha256:ed19b3a05ae0c97dd8f75a5d8f21f7723a8c33bbc555da6bbe1f96c470139d3c"},
    {file = "regex-2023.12.25-cp37-cp37m-win_amd64.whl", hash = "sha256:a6d1047952c0b8104a1d371f88f4ab62e6275567d4458c1e26e9627ad489b445"},
    {file = "regex-2023.12.25-cp38-cp38-macosx_10_9_universal2.whl", hash = "sha256:b43523d7bc2abd757119dbfb38af91b5735eea45537ec6ec3a5ec3f9562a1c53"},
    {file = "regex-2023.12.25-cp38-cp38-macosx_10_9_x86_64.whl", hash = "sha256:efb2d82f33b2212898f1659fb1c2e9ac30493ac41e4d53123da374c3b5541e64"},
    {file = "regex-2023.12.25-cp38-cp38-macosx_11_0_arm64.whl", hash = "sha256:b7fca9205b59c1a3d5031f7e64ed627a1074730a51c2a80e97653e3e9fa0d415"},
    {file = "regex-2023.12.25-cp38-cp38-manylinux_2_17_aarch64.manylinux2014_aarch64.whl", hash = "sha256:086dd15e9435b393ae06f96ab69ab2d333f5d65cbe65ca5a3ef0ec9564dfe770"},
    {file = "regex-2023.12.25-cp38-cp38-manylinux_2_17_ppc64le.manylinux2014_ppc64le.whl", hash = "sha256:e81469f7d01efed9b53740aedd26085f20d49da65f9c1f41e822a33992cb1590"},
    {file = "regex-2023.12.25-cp38-cp38-manylinux_2_17_s390x.manylinux2014_s390x.whl", hash = "sha256:34e4af5b27232f68042aa40a91c3b9bb4da0eeb31b7632e0091afc4310afe6cb"},
    {file = "regex-2023.12.25-cp38-cp38-manylinux_2_17_x86_64.manylinux2014_x86_64.whl", hash = "sha256:9852b76ab558e45b20bf1893b59af64a28bd3820b0c2efc80e0a70a4a3ea51c1"},
    {file = "regex-2023.12.25-cp38-cp38-manylinux_2_5_i686.manylinux1_i686.manylinux_2_17_i686.manylinux2014_i686.whl", hash = "sha256:ff100b203092af77d1a5a7abe085b3506b7eaaf9abf65b73b7d6905b6cb76988"},
    {file = "regex-2023.12.25-cp38-cp38-manylinux_2_5_x86_64.manylinux1_x86_64.manylinux_2_12_x86_64.manylinux2010_x86_64.whl", hash = "sha256:cc038b2d8b1470364b1888a98fd22d616fba2b6309c5b5f181ad4483e0017861"},
    {file = "regex-2023.12.25-cp38-cp38-musllinux_1_1_aarch64.whl", hash = "sha256:094ba386bb5c01e54e14434d4caabf6583334090865b23ef58e0424a6286d3dc"},
    {file = "regex-2023.12.25-cp38-cp38-musllinux_1_1_i686.whl", hash = "sha256:5cd05d0f57846d8ba4b71d9c00f6f37d6b97d5e5ef8b3c3840426a475c8f70f4"},
    {file = "regex-2023.12.25-cp38-cp38-musllinux_1_1_ppc64le.whl", hash = "sha256:9aa1a67bbf0f957bbe096375887b2505f5d8ae16bf04488e8b0f334c36e31360"},
    {file = "regex-2023.12.25-cp38-cp38-musllinux_1_1_s390x.whl", hash = "sha256:98a2636994f943b871786c9e82bfe7883ecdaba2ef5df54e1450fa9869d1f756"},
    {file = "regex-2023.12.25-cp38-cp38-musllinux_1_1_x86_64.whl", hash = "sha256:37f8e93a81fc5e5bd8db7e10e62dc64261bcd88f8d7e6640aaebe9bc180d9ce2"},
    {file = "regex-2023.12.25-cp38-cp38-win32.whl", hash = "sha256:d78bd484930c1da2b9679290a41cdb25cc127d783768a0369d6b449e72f88beb"},
    {file = "regex-2023.12.25-cp38-cp38-win_amd64.whl", hash = "sha256:b521dcecebc5b978b447f0f69b5b7f3840eac454862270406a39837ffae4e697"},
    {file = "regex-2023.12.25-cp39-cp39-macosx_10_9_universal2.whl", hash = "sha256:f7bc09bc9c29ebead055bcba136a67378f03d66bf359e87d0f7c759d6d4ffa31"},
    {file = "regex-2023.12.25-cp39-cp39-macosx_10_9_x86_64.whl", hash = "sha256:e14b73607d6231f3cc4622809c196b540a6a44e903bcfad940779c80dffa7be7"},
    {file = "regex-2023.12.25-cp39-cp39-macosx_11_0_arm64.whl", hash = "sha256:9eda5f7a50141291beda3edd00abc2d4a5b16c29c92daf8d5bd76934150f3edc"},
    {file = "regex-2023.12.25-cp39-cp39-manylinux_2_17_aarch64.manylinux2014_aarch64.whl", hash = "sha256:cc6bb9aa69aacf0f6032c307da718f61a40cf970849e471254e0e91c56ffca95"},
    {file = "regex-2023.12.25-cp39-cp39-manylinux_2_17_ppc64le.manylinux2014_ppc64le.whl", hash = "sha256:298dc6354d414bc921581be85695d18912bea163a8b23cac9a2562bbcd5088b1"},
    {file = "regex-2023.12.25-cp39-cp39-manylinux_2_17_s390x.manylinux2014_s390x.whl", hash = "sha256:2f4e475a80ecbd15896a976aa0b386c5525d0ed34d5c600b6d3ebac0a67c7ddf"},
    {file = "regex-2023.12.25-cp39-cp39-manylinux_2_17_x86_64.manylinux2014_x86_64.whl", hash = "sha256:531ac6cf22b53e0696f8e1d56ce2396311254eb806111ddd3922c9d937151dae"},
    {file = "regex-2023.12.25-cp39-cp39-manylinux_2_5_i686.manylinux1_i686.manylinux_2_17_i686.manylinux2014_i686.whl", hash = "sha256:22f3470f7524b6da61e2020672df2f3063676aff444db1daa283c2ea4ed259d6"},
    {file = "regex-2023.12.25-cp39-cp39-manylinux_2_5_x86_64.manylinux1_x86_64.manylinux_2_12_x86_64.manylinux2010_x86_64.whl", hash = "sha256:89723d2112697feaa320c9d351e5f5e7b841e83f8b143dba8e2d2b5f04e10923"},
    {file = "regex-2023.12.25-cp39-cp39-musllinux_1_1_aarch64.whl", hash = "sha256:0ecf44ddf9171cd7566ef1768047f6e66975788258b1c6c6ca78098b95cf9a3d"},
    {file = "regex-2023.12.25-cp39-cp39-musllinux_1_1_i686.whl", hash = "sha256:905466ad1702ed4acfd67a902af50b8db1feeb9781436372261808df7a2a7bca"},
    {file = "regex-2023.12.25-cp39-cp39-musllinux_1_1_ppc64le.whl", hash = "sha256:4558410b7a5607a645e9804a3e9dd509af12fb72b9825b13791a37cd417d73a5"},
    {file = "regex-2023.12.25-cp39-cp39-musllinux_1_1_s390x.whl", hash = "sha256:7e316026cc1095f2a3e8cc012822c99f413b702eaa2ca5408a513609488cb62f"},
    {file = "regex-2023.12.25-cp39-cp39-musllinux_1_1_x86_64.whl", hash = "sha256:3b1de218d5375cd6ac4b5493e0b9f3df2be331e86520f23382f216c137913d20"},
    {file = "regex-2023.12.25-cp39-cp39-win32.whl", hash = "sha256:11a963f8e25ab5c61348d090bf1b07f1953929c13bd2309a0662e9ff680763c9"},
    {file = "regex-2023.12.25-cp39-cp39-win_amd64.whl", hash = "sha256:e693e233ac92ba83a87024e1d32b5f9ab15ca55ddd916d878146f4e3406b5c91"},
    {file = "regex-2023.12.25.tar.gz", hash = "sha256:29171aa128da69afdf4bde412d5bedc335f2ca8fcfe4489038577d05f16181e5"},
]

[[package]]
name = "six"
version = "1.16.0"
description = "Python 2 and 3 compatibility utilities"
optional = false
python-versions = ">=2.7, !=3.0.*, !=3.1.*, !=3.2.*"
files = [
    {file = "six-1.16.0-py2.py3-none-any.whl", hash = "sha256:8abb2f1d86890a2dfb989f9a77cfcfd3e47c2a354b01111771326f8aa26e0254"},
    {file = "six-1.16.0.tar.gz", hash = "sha256:1e61c37477a1626458e36f7b1d82aa5c9b094fa4802892072e49de9c60c4c926"},
]

[metadata]
lock-version = "2.0"
python-versions = "^3.12"
content-hash = "b4ce06a57f6633741387a0919124ee95b2768d6c29df7d0ddd17480eb7237f7d"
